{
  "requires": true,
  "lockfileVersion": 1,
  "dependencies": {
    "ngx-material-file-input": {
      "version": "4.0.0",
      "resolved": "https://registry.npmjs.org/ngx-material-file-input/-/ngx-material-file-input-4.0.0.tgz",
      "integrity": "sha512-N0lpuwO1Td3VUR/KnylVi0EObJ2f9s/3jvOUyIGWvy25l4fQOs8zl6cf+OqXIoYLsOHBnC2vVRNugbEuT9CaDQ==",
      "requires": {
        "tslib": "^2.3.0"
      }
    },
    "tslib": {
      "version": "2.4.0",
      "resolved": "https://registry.npmjs.org/tslib/-/tslib-2.4.0.tgz",
      "integrity": "sha512-d6xOpEDfsi2CZVlPQzGeux8XMwLT9hssAsaPYExaQMuYskwb+x1x7J371tWlbBdWHroy99KnVB6qIkUbs5X3UQ=="
    }
  }
}
